PODS:
  - PagingMenuController (2.2.0)

DEPENDENCIES:
  - PagingMenuController (from `../`)

EXTERNAL SOURCES:
  PagingMenuController:
    :path: "../"

SPEC CHECKSUMS:
  PagingMenuController: b244fbe5f1b1e86f806c4a42d283285e33ecb5ab

PODFILE CHECKSUM: ad8a39de8cc58c1b803b2e2b316ca0de8adca12c

COCOAPODS: 1.5.3
